// !$*UTF8*$!
{
	archiveVersion = 1;
	classes = {
	};
	objectVersion = 56;
	objects = {

/* Begin PBXBuildFile section */
		600859842AE17B22006B90FD /* main.swift in Sources */ = {isa = PBXBuildFile; fileRef = 600859832AE17B22006B90FD /* main.swift */; };
		6008598B2AE17B3A006B90FD /* DoubleMatrixNestedArr.swift in Sources */ = {isa = PBXBuildFile; fileRef = 6008598A2AE17B3A006B90FD /* DoubleMatrixNestedArr.swift */; };
		6008598F2AE1B190006B90FD /* timeComplexities.swift in Sources */ = {isa = PBXBuildFile; fileRef = 6008598E2AE1B190006B90FD /* timeComplexities.swift */; };
		600859A92AE85484006B90FD /* DoubleMatrixRowMajor.swift in Sources */ = {isa = PBXBuildFile; fileRef = 600859A82AE85484006B90FD /* DoubleMatrixRowMajor.swift */; };
/* End PBXBuildFile section */

/* Begin PBXCopyFilesBuildPhase section */
		6008597E2AE17B22006B90FD /* CopyFiles */ = {
			isa = PBXCopyFilesBuildPhase;
			buildActionMask = 2147483647;
			dstPath = /usr/share/man/man1/;
			dstSubfolderSpec = 0;
			files = (
			);
			runOnlyForDeploymentPostprocessing = 1;
		};
/* End PBXCopyFilesBuildPhase section */

/* Begin PBXFileReference section */
		600859802AE17B22006B90FD /* MMOptimisation */ = {isa = PBXFileReference; explicitFileType = "compiled.mach-o.executable"; includeInIndex = 0; path = MMOptimisation; sourceTree = BUILT_PRODUCTS_DIR; };
		600859832AE17B22006B90FD /* main.swift */ = {isa = PBXFileReference; lastKnownFileType = sourcecode.swift; path = main.swift; sourceTree = "<group>"; };
		6008598A2AE17B3A006B90FD /* DoubleMatrixNestedArr.swift */ = {isa = PBXFileReference; lastKnownFileType = sourcecode.swift; path = DoubleMatrixNestedArr.swift; sourceTree = "<group>"; };
		6008598E2AE1B190006B90FD /* timeComplexities.swift */ = {isa = PBXFileReference; lastKnownFileType = sourcecode.swift; path = timeComplexities.swift; sourceTree = "<group>"; };
		600859962AE66751006B90FD /* AlgorithmTests.xctest */ = {isa = PBXFileReference; explicitFileType = wrapper.cfbundle; includeInIndex = 0; path = AlgorithmTests.xctest; sourceTree = BUILT_PRODUCTS_DIR; };
		600859A12AE68153006B90FD /* MMOptimisationTests.xctest */ = {isa = PBXFileReference; explicitFileType = wrapper.cfbundle; includeInIndex = 0; path = MMOptimisationTests.xctest; sourceTree = BUILT_PRODUCTS_DIR; };
		600859A82AE85484006B90FD /* DoubleMatrixRowMajor.swift */ = {isa = PBXFileReference; lastKnownFileType = sourcecode.swift; path = DoubleMatrixRowMajor.swift; sourceTree = "<group>"; };
/* End PBXFileReference section */

/* Begin PBXFrameworksBuildPhase section */
		6008597D2AE17B22006B90FD /* Frameworks */ = {
			isa = PBXFrameworksBuildPhase;
			buildActionMask = 2147483647;
			files = (
			);
			runOnlyForDeploymentPostprocessing = 0;
		};
		600859932AE66751006B90FD /* Frameworks */ = {
			isa = PBXFrameworksBuildPhase;
			buildActionMask = 2147483647;
			files = (
			);
			runOnlyForDeploymentPostprocessing = 0;
		};
		6008599E2AE68153006B90FD /* Frameworks */ = {
			isa = PBXFrameworksBuildPhase;
			buildActionMask = 2147483647;
			files = (
			);
			runOnlyForDeploymentPostprocessing = 0;
		};
/* End PBXFrameworksBuildPhase section */

/* Begin PBXGroup section */
		600859772AE17B22006B90FD = {
			isa = PBXGroup;
			children = (
				600859822AE17B22006B90FD /* MMOptimisation */,
				600859812AE17B22006B90FD /* Products */,
			);
			sourceTree = "<group>";
		};
		600859812AE17B22006B90FD /* Products */ = {
			isa = PBXGroup;
			children = (
				600859802AE17B22006B90FD /* MMOptimisation */,
				600859962AE66751006B90FD /* AlgorithmTests.xctest */,
				600859A12AE68153006B90FD /* MMOptimisationTests.xctest */,
			);
			name = Products;
			sourceTree = "<group>";
		};
		600859822AE17B22006B90FD /* MMOptimisation */ = {
			isa = PBXGroup;
			children = (
				600859832AE17B22006B90FD /* main.swift */,
				6008598E2AE1B190006B90FD /* timeComplexities.swift */,
				6008598A2AE17B3A006B90FD /* DoubleMatrixNestedArr.swift */,
				600859A82AE85484006B90FD /* DoubleMatrixRowMajor.swift */,
			);
			path = MMOptimisation;
			sourceTree = "<group>";
		};
/* End PBXGroup section */

/* Begin PBXNativeTarget section */
		6008597F2AE17B22006B90FD /* MMOptimisation */ = {
			isa = PBXNativeTarget;
			buildConfigurationList = 600859872AE17B22006B90FD /* Build configuration list for PBXNativeTarget "MMOptimisation" */;
			buildPhases = (
				6008597C2AE17B22006B90FD /* Sources */,
				6008597D2AE17B22006B90FD /* Frameworks */,
				6008597E2AE17B22006B90FD /* CopyFiles */,
			);
			buildRules = (
			);
			dependencies = (
			);
			name = MMOptimisation;
			productName = MMOptimisation;
			productReference = 600859802AE17B22006B90FD /* MMOptimisation */;
			productType = "com.apple.product-type.tool";
		};
		600859952AE66751006B90FD /* AlgorithmTests */ = {
			isa = PBXNativeTarget;
			buildConfigurationList = 6008599A2AE66751006B90FD /* Build configuration list for PBXNativeTarget "AlgorithmTests" */;
			buildPhases = (
				600859922AE66751006B90FD /* Sources */,
				600859932AE66751006B90FD /* Frameworks */,
				600859942AE66751006B90FD /* Resources */,
			);
			buildRules = (
			);
			dependencies = (
			);
			name = AlgorithmTests;
			productName = AlgorithmTests;
			productReference = 600859962AE66751006B90FD /* AlgorithmTests.xctest */;
			productType = "com.apple.product-type.bundle.unit-test";
		};
		600859A02AE68153006B90FD /* MMOptimisationTests */ = {
			isa = PBXNativeTarget;
			buildConfigurationList = 600859A52AE68153006B90FD /* Build configuration list for PBXNativeTarget "MMOptimisationTests" */;
			buildPhases = (
				6008599D2AE68153006B90FD /* Sources */,
				6008599E2AE68153006B90FD /* Frameworks */,
				6008599F2AE68153006B90FD /* Resources */,
			);
			buildRules = (
			);
			dependencies = (
			);
			name = MMOptimisationTests;
			productName = MMOptimisationTests;
			productReference = 600859A12AE68153006B90FD /* MMOptimisationTests.xctest */;
			productType = "com.apple.product-type.bundle.unit-test";
		};
/* End PBXNativeTarget section */

/* Begin PBXProject section */
		600859782AE17B22006B90FD /* Project object */ = {
			isa = PBXProject;
			attributes = {
				BuildIndependentTargetsInParallel = 1;
				LastSwiftUpdateCheck = 1430;
				LastUpgradeCheck = 1430;
				TargetAttributes = {
					6008597F2AE17B22006B90FD = {
						CreatedOnToolsVersion = 14.3.1;
					};
					600859952AE66751006B90FD = {
						CreatedOnToolsVersion = 14.3.1;
					};
					600859A02AE68153006B90FD = {
						CreatedOnToolsVersion = 14.3.1;
					};
				};
			};
			buildConfigurationList = 6008597B2AE17B22006B90FD /* Build configuration list for PBXProject "MMOptimisation" */;
			compatibilityVersion = "Xcode 14.0";
			developmentRegion = en;
			hasScannedForEncodings = 0;
			knownRegions = (
				en,
				Base,
			);
			mainGroup = 600859772AE17B22006B90FD;
			productRefGroup = 600859812AE17B22006B90FD /* Products */;
			projectDirPath = "";
			projectRoot = "";
			targets = (
				6008597F2AE17B22006B90FD /* MMOptimisation */,
				600859952AE66751006B90FD /* AlgorithmTests */,
				600859A02AE68153006B90FD /* MMOptimisationTests */,
			);
		};
/* End PBXProject section */

/* Begin PBXResourcesBuildPhase section */
		600859942AE66751006B90FD /* Resources */ = {
			isa = PBXResourcesBuildPhase;
			buildActionMask = 2147483647;
			files = (
			);
			runOnlyForDeploymentPostprocessing = 0;
		};
		6008599F2AE68153006B90FD /* Resources */ = {
			isa = PBXResourcesBuildPhase;
			buildActionMask = 2147483647;
			files = (
			);
			runOnlyForDeploymentPostprocessing = 0;
		};
/* End PBXResourcesBuildPhase section */

/* Begin PBXSourcesBuildPhase section */
		6008597C2AE17B22006B90FD /* Sources */ = {
			isa = PBXSourcesBuildPhase;
			buildActionMask = 2147483647;
			files = (
				6008598F2AE1B190006B90FD /* timeComplexities.swift in Sources */,
				6008598B2AE17B3A006B90FD /* DoubleMatrixNestedArr.swift in Sources */,
				600859A92AE85484006B90FD /* DoubleMatrixRowMajor.swift in Sources */,
				600859842AE17B22006B90FD /* main.swift in Sources */,
			);
			runOnlyForDeploymentPostprocessing = 0;
		};
		600859922AE66751006B90FD /* Sources */ = {
			isa = PBXSourcesBuildPhase;
			buildActionMask = 2147483647;
			files = (
			);
			runOnlyForDeploymentPostprocessing = 0;
		};
		6008599D2AE68153006B90FD /* Sources */ = {
			isa = PBXSourcesBuildPhase;
			buildActionMask = 2147483647;
			files = (
			);
			runOnlyForDeploymentPostprocessing = 0;
		};
/* End PBXSourcesBuildPhase section */

/* Begin XCBuildConfiguration section */
		600859852AE17B22006B90FD /* Debug */ = {
			isa = XCBuildConfiguration;
			buildSettings = {
				ALWAYS_SEARCH_USER_PATHS = NO;
				CLANG_ANALYZER_NONNULL = YES;
				CLANG_ANALYZER_NUMBER_OBJECT_CONVERSION = YES_AGGRESSIVE;
				CLANG_CXX_LANGUAGE_STANDARD = "gnu++20";
				CLANG_ENABLE_MODULES = YES;
				CLANG_ENABLE_OBJC_ARC = YES;
				CLANG_ENABLE_OBJC_WEAK = YES;
				CLANG_WARN_BLOCK_CAPTURE_AUTORELEASING = YES;
				CLANG_WARN_BOOL_CONVERSION = YES;
				CLANG_WARN_COMMA = YES;
				CLANG_WARN_CONSTANT_CONVERSION = YES;
				CLANG_WARN_DEPRECATED_OBJC_IMPLEMENTATIONS = YES;
				CLANG_WARN_DIRECT_OBJC_ISA_USAGE = YES_ERROR;
				CLANG_WARN_DOCUMENTATION_COMMENTS = YES;
				CLANG_WARN_EMPTY_BODY = YES;
				CLANG_WARN_ENUM_CONVERSION = YES;
				CLANG_WARN_INFINITE_RECURSION = YES;
				CLANG_WARN_INT_CONVERSION = YES;
				CLANG_WARN_NON_LITERAL_NULL_CONVERSION = YES;
				CLANG_WARN_OBJC_IMPLICIT_RETAIN_SELF = YES;
				CLANG_WARN_OBJC_LITERAL_CONVERSION = YES;
				CLANG_WARN_OBJC_ROOT_CLASS = YES_ERROR;
				CLANG_WARN_QUOTED_INCLUDE_IN_FRAMEWORK_HEADER = YES;
				CLANG_WARN_RANGE_LOOP_ANALYSIS = YES;
				CLANG_WARN_STRICT_PROTOTYPES = YES;
				CLANG_WARN_SUSPICIOUS_MOVE = YES;
				CLANG_WARN_UNGUARDED_AVAILABILITY = YES_AGGRESSIVE;
				CLANG_WARN_UNREACHABLE_CODE = YES;
				CLANG_WARN__DUPLICATE_METHOD_MATCH = YES;
				COPY_PHASE_STRIP = NO;
				DEBUG_INFORMATION_FORMAT = dwarf;
				ENABLE_STRICT_OBJC_MSGSEND = YES;
				ENABLE_TESTABILITY = YES;
				GCC_C_LANGUAGE_STANDARD = gnu11;
				GCC_DYNAMIC_NO_PIC = NO;
				GCC_NO_COMMON_BLOCKS = YES;
				GCC_OPTIMIZATION_LEVEL = 0;
				GCC_PREPROCESSOR_DEFINITIONS = (
					"DEBUG=1",
					"$(inherited)",
				);
				GCC_WARN_64_TO_32_BIT_CONVERSION = YES;
				GCC_WARN_ABOUT_RETURN_TYPE = YES_ERROR;
				GCC_WARN_UNDECLARED_SELECTOR = YES;
				GCC_WARN_UNINITIALIZED_AUTOS = YES_AGGRESSIVE;
				GCC_WARN_UNUSED_FUNCTION = YES;
				GCC_WARN_UNUSED_VARIABLE = YES;
				MACOSX_DEPLOYMENT_TARGET = 13.3;
				MTL_ENABLE_DEBUG_INFO = INCLUDE_SOURCE;
				MTL_FAST_MATH = YES;
				ONLY_ACTIVE_ARCH = YES;
				SDKROOT = macosx;
				SWIFT_ACTIVE_COMPILATION_CONDITIONS = DEBUG;
				SWIFT_OPTIMIZATION_LEVEL = "-Onone";
			};
			name = Debug;
		};
		600859862AE17B22006B90FD /* Release */ = {
			isa = XCBuildConfiguration;
			buildSettings = {
				ALWAYS_SEARCH_USER_PATHS = NO;
				CLANG_ANALYZER_NONNULL = YES;
				CLANG_ANALYZER_NUMBER_OBJECT_CONVERSION = YES_AGGRESSIVE;
				CLANG_CXX_LANGUAGE_STANDARD = "gnu++20";
				CLANG_ENABLE_MODULES = YES;
				CLANG_ENABLE_OBJC_ARC = YES;
				CLANG_ENABLE_OBJC_WEAK = YES;
				CLANG_WARN_BLOCK_CAPTURE_AUTORELEASING = YES;
				CLANG_WARN_BOOL_CONVERSION = YES;
				CLANG_WARN_COMMA = YES;
				CLANG_WARN_CONSTANT_CONVERSION = YES;
				CLANG_WARN_DEPRECATED_OBJC_IMPLEMENTATIONS = YES;
				CLANG_WARN_DIRECT_OBJC_ISA_USAGE = YES_ERROR;
				CLANG_WARN_DOCUMENTATION_COMMENTS = YES;
				CLANG_WARN_EMPTY_BODY = YES;
				CLANG_WARN_ENUM_CONVERSION = YES;
				CLANG_WARN_INFINITE_RECURSION = YES;
				CLANG_WARN_INT_CONVERSION = YES;
				CLANG_WARN_NON_LITERAL_NULL_CONVERSION = YES;
				CLANG_WARN_OBJC_IMPLICIT_RETAIN_SELF = YES;
				CLANG_WARN_OBJC_LITERAL_CONVERSION = YES;
				CLANG_WARN_OBJC_ROOT_CLASS = YES_ERROR;
				CLANG_WARN_QUOTED_INCLUDE_IN_FRAMEWORK_HEADER = YES;
				CLANG_WARN_RANGE_LOOP_ANALYSIS = YES;
				CLANG_WARN_STRICT_PROTOTYPES = YES;
				CLANG_WARN_SUSPICIOUS_MOVE = YES;
				CLANG_WARN_UNGUARDED_AVAILABILITY = YES_AGGRESSIVE;
				CLANG_WARN_UNREACHABLE_CODE = YES;
				CLANG_WARN__DUPLICATE_METHOD_MATCH = YES;
				COPY_PHASE_STRIP = NO;
				DEBUG_INFORMATION_FORMAT = "dwarf-with-dsym";
				ENABLE_NS_ASSERTIONS = NO;
				ENABLE_STRICT_OBJC_MSGSEND = YES;
				GCC_C_LANGUAGE_STANDARD = gnu11;
				GCC_NO_COMMON_BLOCKS = YES;
				GCC_WARN_64_TO_32_BIT_CONVERSION = YES;
				GCC_WARN_ABOUT_RETURN_TYPE = YES_ERROR;
				GCC_WARN_UNDECLARED_SELECTOR = YES;
				GCC_WARN_UNINITIALIZED_AUTOS = YES_AGGRESSIVE;
				GCC_WARN_UNUSED_FUNCTION = YES;
				GCC_WARN_UNUSED_VARIABLE = YES;
				MACOSX_DEPLOYMENT_TARGET = 13.3;
				MTL_ENABLE_DEBUG_INFO = NO;
				MTL_FAST_MATH = YES;
				SDKROOT = macosx;
				SWIFT_COMPILATION_MODE = wholemodule;
				SWIFT_OPTIMIZATION_LEVEL = "-O";
			};
			name = Release;
		};
		600859882AE17B22006B90FD /* Debug */ = {
			isa = XCBuildConfiguration;
			buildSettings = {
				CODE_SIGN_STYLE = Automatic;
				DEVELOPMENT_TEAM = 82BRN88N8D;
				ENABLE_HARDENED_RUNTIME = YES;
				ENABLE_TESTABILITY = YES;
				ONLY_ACTIVE_ARCH = NO;
				PRODUCT_NAME = "$(TARGET_NAME)";
				SWIFT_VERSION = 5.0;
			};
			name = Debug;
		};
		600859892AE17B22006B90FD /* Release */ = {
			isa = XCBuildConfiguration;
			buildSettings = {
				CODE_SIGN_STYLE = Automatic;
				DEVELOPMENT_TEAM = 82BRN88N8D;
				ENABLE_HARDENED_RUNTIME = YES;
				GCC_OPTIMIZATION_LEVEL = 3;
				ONLY_ACTIVE_ARCH = YES;
				PRODUCT_NAME = "$(TARGET_NAME)";
				SWIFT_VERSION = 5.0;
			};
			name = Release;
		};
		6008599B2AE66751006B90FD /* Debug */ = {
			isa = XCBuildConfiguration;
			buildSettings = {
				CODE_SIGN_STYLE = Automatic;
				CURRENT_PROJECT_VERSION = 1;
				DEVELOPMENT_TEAM = 82BRN88N8D;
				GENERATE_INFOPLIST_FILE = YES;
				MARKETING_VERSION = 1.0;
				PRODUCT_BUNDLE_IDENTIFIER = "George-Tait.AlgorithmTests";
				PRODUCT_NAME = "$(TARGET_NAME)";
				SWIFT_EMIT_LOC_STRINGS = NO;
				SWIFT_VERSION = 5.0;
			};
			name = Debug;
		};
		6008599C2AE66751006B90FD /* Release */ = {
			isa = XCBuildConfiguration;
			buildSettings = {
				CODE_SIGN_STYLE = Automatic;
				CURRENT_PROJECT_VERSION = 1;
				DEVELOPMENT_TEAM = 82BRN88N8D;
				GENERATE_INFOPLIST_FILE = YES;
				MARKETING_VERSION = 1.0;
				PRODUCT_BUNDLE_IDENTIFIER = "George-Tait.AlgorithmTests";
				PRODUCT_NAME = "$(TARGET_NAME)";
				SWIFT_EMIT_LOC_STRINGS = NO;
				SWIFT_VERSION = 5.0;
			};
			name = Release;
		};
		600859A62AE68153006B90FD /* Debug */ = {
			isa = XCBuildConfiguration;
			buildSettings = {
				CODE_SIGN_STYLE = Automatic;
				CURRENT_PROJECT_VERSION = 1;
				DEVELOPMENT_TEAM = 82BRN88N8D;
				GENERATE_INFOPLIST_FILE = YES;
				IPHONEOS_DEPLOYMENT_TARGET = 16.4;
				MACOSX_DEPLOYMENT_TARGET = 13.3;
				MARKETING_VERSION = 1.0;
				PRODUCT_BUNDLE_IDENTIFIER = "George-Tait.MMOptimisationTests";
				PRODUCT_NAME = "$(TARGET_NAME)";
				SDKROOT = auto;
				SUPPORTED_PLATFORMS = "iphoneos iphonesimulator macosx";
				SWIFT_EMIT_LOC_STRINGS = NO;
				SWIFT_VERSION = 5.0;
				TARGETED_DEVICE_FAMILY = "1,2";
			};
			name = Debug;
		};
		600859A72AE68153006B90FD /* Release */ = {
			isa = XCBuildConfiguration;
			buildSettings = {
				CODE_SIGN_STYLE = Automatic;
				CURRENT_PROJECT_VERSION = 1;
				DEVELOPMENT_TEAM = 82BRN88N8D;
				GENERATE_INFOPLIST_FILE = YES;
				IPHONEOS_DEPLOYMENT_TARGET = 16.4;
				MACOSX_DEPLOYMENT_TARGET = 13.3;
				MARKETING_VERSION = 1.0;
				PRODUCT_BUNDLE_IDENTIFIER = "George-Tait.MMOptimisationTests";
				PRODUCT_NAME = "$(TARGET_NAME)";
				SDKROOT = auto;
				SUPPORTED_PLATFORMS = "iphoneos iphonesimulator macosx";
				SWIFT_EMIT_LOC_STRINGS = NO;
				SWIFT_VERSION = 5.0;
				TARGETED_DEVICE_FAMILY = "1,2";
			};
			name = Release;
		};
/* End XCBuildConfiguration section */

/* Begin XCConfigurationList section */
		6008597B2AE17B22006B90FD /* Build configuration list for PBXProject "MMOptimisation" */ = {
			isa = XCConfigurationList;
			buildConfigurations = (
				600859852AE17B22006B90FD /* Debug */,
				600859862AE17B22006B90FD /* Release */,
			);
			defaultConfigurationIsVisible = 0;
			defaultConfigurationName = Release;
		};
		600859872AE17B22006B90FD /* Build configuration list for PBXNativeTarget "MMOptimisation" */ = {
			isa = XCConfigurationList;
			buildConfigurations = (
				600859882AE17B22006B90FD /* Debug */,
				600859892AE17B22006B90FD /* Release */,
			);
			defaultConfigurationIsVisible = 0;
			defaultConfigurationName = Release;
		};
		6008599A2AE66751006B90FD /* Build configuration list for PBXNativeTarget "AlgorithmTests" */ = {
			isa = XCConfigurationList;
			buildConfigurations = (
				6008599B2AE66751006B90FD /* Debug */,
				6008599C2AE66751006B90FD /* Release */,
			);
			defaultConfigurationIsVisible = 0;
			defaultConfigurationName = Release;
		};
		600859A52AE68153006B90FD /* Build configuration list for PBXNativeTarget "MMOptimisationTests" */ = {
			isa = XCConfigurationList;
			buildConfigurations = (
				600859A62AE68153006B90FD /* Debug */,
				600859A72AE68153006B90FD /* Release */,
			);
			defaultConfigurationIsVisible = 0;
			defaultConfigurationName = Release;
		};
/* End XCConfigurationList section */
	};
	rootObject = 600859782AE17B22006B90FD /* Project object */;
}
